
Microsoft Visual Studio Solution File, Format Version 12.00
# Visual Studio 15
Project("{FAE04EC0-301F-11D3-BF4B-00C04F79EFBC}") = "HelloThread", "HelloThread\HelloThread.csproj", "{64B46A47-E5C4-49B3-8707-68089F1660D2}"
EndProject
Global
	GlobalSection(SolutionConfigurationPlatforms) = preSolution
		Debug|Any CPU = Debug|Any CPU
		Release|Any CPU = Release|Any CPU
	EndGlobalSection
	GlobalSection(ProjectConfigurationPlatforms) = postSolution
		{64B46A47-E5C4-49B3-8707-68089F1660D2}.Debug|Any CPU.ActiveCfg = Debug|Any CPU
		{64B46A47-E5C4-49B3-8707-68089F1660D2}.Debug|Any CPU.Build.0 = Debug|Any CPU
		{64B46A47-E5C4-49B3-8707-68089F1660D2}.Release|Any CPU.ActiveCfg = Release|Any CPU
		{64B46A47-E5C4-49B3-8707-68089F1660D2}.Release|Any CPU.Build.0 = Release|Any CPU
	EndGlobalSection
EndGlobal
